// !$*UTF8*$!
{
	archiveVersion = 1;
	classes = {
	};
	objectVersion = 46;
	objects = {

/* Begin PBXBuildFile section */
		6A9CBD7D1F7F31AE001642B0 /* AppDelegate.swift in Sources */ = {isa = PBXBuildFile; fileRef = 6A9CBD7C1F7F31AE001642B0 /* AppDelegate.swift */; };
		6A9CBD7F1F7F31AE001642B0 /* ViewController.swift in Sources */ = {isa = PBXBuildFile; fileRef = 6A9CBD7E1F7F31AE001642B0 /* ViewController.swift */; };
		6A9CBD821F7F31AE001642B0 /* Main.storyboard in Resources */ = {isa = PBXBuildFile; fileRef = 6A9CBD801F7F31AE001642B0 /* Main.storyboard */; };
		6A9CBD841F7F31AE001642B0 /* Assets.xcassets in Resources */ = {isa = PBXBuildFile; fileRef = 6A9CBD831F7F31AE001642B0 /* Assets.xcassets */; };
		6A9CBD871F7F31AE001642B0 /* LaunchScreen.storyboard in Resources */ = {isa = PBXBuildFile; fileRef = 6A9CBD851F7F31AE001642B0 /* LaunchScreen.storyboard */; };
		6A9CBD921F7F3764001642B0 /* GoogleService-Info.plist in Resources */ = {isa = PBXBuildFile; fileRef = 6A9CBD911F7F3764001642B0 /* GoogleService-Info.plist */; };
		6A9CBD941F7F383C001642B0 /* LoginViewController.swift in Sources */ = {isa = PBXBuildFile; fileRef = 6A9CBD931F7F383C001642B0 /* LoginViewController.swift */; };
		6A9CBD961F7F3851001642B0 /* ChannelListViewController.swift in Sources */ = {isa = PBXBuildFile; fileRef = 6A9CBD951F7F3851001642B0 /* ChannelListViewController.swift */; };
		6A9CBD981F7F385D001642B0 /* ChatViewController.swift in Sources */ = {isa = PBXBuildFile; fileRef = 6A9CBD971F7F385D001642B0 /* ChatViewController.swift */; };
		6A9CBD9A1F7F3869001642B0 /* model.swift in Sources */ = {isa = PBXBuildFile; fileRef = 6A9CBD991F7F3869001642B0 /* model.swift */; };
		AD9825F4BC60368BC2E08BA8 /* Pods_simpleChating.framework in Frameworks */ = {isa = PBXBuildFile; fileRef = E747388DE9B68227E8A0C0B8 /* Pods_simpleChating.framework */; };
/* End PBXBuildFile section */

/* Begin PBXFileReference section */
		12BF4E0C2C4B74D444035FEA /* Pods-simpleChating.release.xcconfig */ = {isa = PBXFileReference; includeInIndex = 1; lastKnownFileType = text.xcconfig; name = "Pods-simpleChating.release.xcconfig"; path = "Pods/Target Support Files/Pods-simpleChating/Pods-simpleChating.release.xcconfig"; sourceTree = "<group>"; };
		6A9CBD791F7F31AE001642B0 /* simpleChating.app */ = {isa = PBXFileReference; explicitFileType = wrapper.application; includeInIndex = 0; path = simpleChating.app; sourceTree = BUILT_PRODUCTS_DIR; };
		6A9CBD7C1F7F31AE001642B0 /* AppDelegate.swift */ = {isa = PBXFileReference; lastKnownFileType = sourcecode.swift; path = AppDelegate.swift; sourceTree = "<group>"; };
		6A9CBD7E1F7F31AE001642B0 /* ViewController.swift */ = {isa = PBXFileReference; lastKnownFileType = sourcecode.swift; path = ViewController.swift; sourceTree = "<group>"; };
		6A9CBD811F7F31AE001642B0 /* Base */ = {isa = PBXFileReference; lastKnownFileType = file.storyboard; name = Base; path = Base.lproj/Main.storyboard; sourceTree = "<group>"; };
		6A9CBD831F7F31AE001642B0 /* Assets.xcassets */ = {isa = PBXFileReference; lastKnownFileType = folder.assetcatalog; path = Assets.xcassets; sourceTree = "<group>"; };
		6A9CBD861F7F31AE001642B0 /* Base */ = {isa = PBXFileReference; lastKnownFileType = file.storyboard; name = Base; path = Base.lproj/LaunchScreen.storyboard; sourceTree = "<group>"; };
		6A9CBD881F7F31AE001642B0 /* Info.plist */ = {isa = PBXFileReference; lastKnownFileType = text.plist.xml; path = Info.plist; sourceTree = "<group>"; };
		6A9CBD911F7F3764001642B0 /* GoogleService-Info.plist */ = {isa = PBXFileReference; fileEncoding = 4; lastKnownFileType = text.plist.xml; path = "GoogleService-Info.plist"; sourceTree = "<group>"; };
		6A9CBD931F7F383C001642B0 /* LoginViewController.swift */ = {isa = PBXFileReference; fileEncoding = 4; lastKnownFileType = sourcecode.swift; path = LoginViewController.swift; sourceTree = "<group>"; };
		6A9CBD951F7F3851001642B0 /* ChannelListViewController.swift */ = {isa = PBXFileReference; fileEncoding = 4; lastKnownFileType = sourcecode.swift; path = ChannelListViewController.swift; sourceTree = "<group>"; };
		6A9CBD971F7F385D001642B0 /* ChatViewController.swift */ = {isa = PBXFileReference; fileEncoding = 4; lastKnownFileType = sourcecode.swift; path = ChatViewController.swift; sourceTree = "<group>"; };
		6A9CBD991F7F3869001642B0 /* model.swift */ = {isa = PBXFileReference; fileEncoding = 4; lastKnownFileType = sourcecode.swift; path = model.swift; sourceTree = "<group>"; };
		C08299A6DB44491C1A14DC80 /* Pods-simpleChating.debug.xcconfig */ = {isa = PBXFileReference; includeInIndex = 1; lastKnownFileType = text.xcconfig; name = "Pods-simpleChating.debug.xcconfig"; path = "Pods/Target Support Files/Pods-simpleChating/Pods-simpleChating.debug.xcconfig"; sourceTree = "<group>"; };
		E747388DE9B68227E8A0C0B8 /* Pods_simpleChating.framework */ = {isa = PBXFileReference; explicitFileType = wrapper.framework; includeInIndex = 0; path = Pods_simpleChating.framework; sourceTree = BUILT_PRODUCTS_DIR; };
/* End PBXFileReference section */

/* Begin PBXFrameworksBuildPhase section */
		6A9CBD761F7F31AA001642B0 /* Frameworks */ = {
			isa = PBXFrameworksBuildPhase;
			buildActionMask = 2147483647;
			files = (
				AD9825F4BC60368BC2E08BA8 /* Pods_simpleChating.framework in Frameworks */,
			);
			runOnlyForDeploymentPostprocessing = 0;
		};
/* End PBXFrameworksBuildPhase section */

/* Begin PBXGroup section */
		6A9CBD701F7F31A9001642B0 = {
			isa = PBXGroup;
			children = (
				6A9CBD7B1F7F31AE001642B0 /* simpleChating */,
				6A9CBD7A1F7F31AE001642B0 /* Products */,
				82FD613F6CF0EDF110C6E498 /* Pods */,
				7E99659516A72B09F8F20CD1 /* Frameworks */,
			);
			sourceTree = "<group>";
		};
		6A9CBD7A1F7F31AE001642B0 /* Products */ = {
			isa = PBXGroup;
			children = (
				6A9CBD791F7F31AE001642B0 /* simpleChating.app */,
			);
			name = Products;
			sourceTree = "<group>";
		};
		6A9CBD7B1F7F31AE001642B0 /* simpleChating */ = {
			isa = PBXGroup;
			children = (
				6A9CBD7C1F7F31AE001642B0 /* AppDelegate.swift */,
				6A9CBD7E1F7F31AE001642B0 /* ViewController.swift */,
				6A9CBD801F7F31AE001642B0 /* Main.storyboard */,
				6A9CBD951F7F3851001642B0 /* ChannelListViewController.swift */,
				6A9CBD971F7F385D001642B0 /* ChatViewController.swift */,
				6A9CBD991F7F3869001642B0 /* model.swift */,
				6A9CBD931F7F383C001642B0 /* LoginViewController.swift */,
				6A9CBD831F7F31AE001642B0 /* Assets.xcassets */,
				6A9CBD851F7F31AE001642B0 /* LaunchScreen.storyboard */,
				6A9CBD881F7F31AE001642B0 /* Info.plist */,
				6A9CBD911F7F3764001642B0 /* GoogleService-Info.plist */,
			);
			path = simpleChating;
			sourceTree = "<group>";
		};
		7E99659516A72B09F8F20CD1 /* Frameworks */ = {
			isa = PBXGroup;
			children = (
				E747388DE9B68227E8A0C0B8 /* Pods_simpleChating.framework */,
			);
			name = Frameworks;
			sourceTree = "<group>";
		};
		82FD613F6CF0EDF110C6E498 /* Pods */ = {
			isa = PBXGroup;
			children = (
				C08299A6DB44491C1A14DC80 /* Pods-simpleChating.debug.xcconfig */,
				12BF4E0C2C4B74D444035FEA /* Pods-simpleChating.release.xcconfig */,
			);
			name = Pods;
			sourceTree = "<group>";
		};
/* End PBXGroup section */

/* Begin PBXNativeTarget section */
		6A9CBD781F7F31AA001642B0 /* simpleChating */ = {
			isa = PBXNativeTarget;
			buildConfigurationList = 6A9CBD8B1F7F31AE001642B0 /* Build configuration list for PBXNativeTarget "simpleChating" */;
			buildPhases = (
				3AB6D588643CBFE18B3A2F05 /* [CP] Check Pods Manifest.lock */,
				6A9CBD751F7F31AA001642B0 /* Sources */,
				6A9CBD761F7F31AA001642B0 /* Frameworks */,
				6A9CBD771F7F31AA001642B0 /* Resources */,
				8AD8A830E19C42E9B8B9FEE4 /* [CP] Embed Pods Frameworks */,
				A6B96F6768864A1670DEF0FA /* [CP] Copy Pods Resources */,
			);
			buildRules = (
			);
			dependencies = (
			);
			name = simpleChating;
			productName = simpleChating;
			productReference = 6A9CBD791F7F31AE001642B0 /* simpleChating.app */;
			productType = "com.apple.product-type.application";
		};
/* End PBXNativeTarget section */

/* Begin PBXProject section */
		6A9CBD711F7F31A9001642B0 /* Project object */ = {
			isa = PBXProject;
			attributes = {
				LastSwiftUpdateCheck = 0820;
				LastUpgradeCheck = 0820;
				ORGANIZATIONNAME = "ios3-umn";
				TargetAttributes = {
					6A9CBD781F7F31AA001642B0 = {
						CreatedOnToolsVersion = 8.2.1;
						ProvisioningStyle = Automatic;
					};
				};
			};
			buildConfigurationList = 6A9CBD741F7F31A9001642B0 /* Build configuration list for PBXProject "simpleChating" */;
			compatibilityVersion = "Xcode 3.2";
			developmentRegion = English;
			hasScannedForEncodings = 0;
			knownRegions = (
				en,
				Base,
			);
			mainGroup = 6A9CBD701F7F31A9001642B0;
			productRefGroup = 6A9CBD7A1F7F31AE001642B0 /* Products */;
			projectDirPath = "";
			projectRoot = "";
			targets = (
				6A9CBD781F7F31AA001642B0 /* simpleChating */,
			);
		};
/* End PBXProject section */

/* Begin PBXResourcesBuildPhase section */
		6A9CBD771F7F31AA001642B0 /* Resources */ = {
			isa = PBXResourcesBuildPhase;
			buildActionMask = 2147483647;
			files = (
				6A9CBD871F7F31AE001642B0 /* LaunchScreen.storyboard in Resources */,
				6A9CBD921F7F3764001642B0 /* GoogleService-Info.plist in Resources */,
				6A9CBD841F7F31AE001642B0 /* Assets.xcassets in Resources */,
				6A9CBD821F7F31AE001642B0 /* Main.storyboard in Resources */,
			);
			runOnlyForDeploymentPostprocessing = 0;
		};
/* End PBXResourcesBuildPhase section */

/* Begin PBXShellScriptBuildPhase section */
		3AB6D588643CBFE18B3A2F05 /* [CP] Check Pods Manifest.lock */ = {
			isa = PBXShellScriptBuildPhase;
			buildActionMask = 2147483647;
			files = (
			);
			inputPaths = (
				"${PODS_PODFILE_DIR_PATH}/Podfile.lock",
				"${PODS_ROOT}/Manifest.lock",
			);
			name = "[CP] Check Pods Manifest.lock";
			outputPaths = (
				"$(DERIVED_FILE_DIR)/Pods-simpleChating-checkManifestLockResult.txt",
			);
			runOnlyForDeploymentPostprocessing = 0;
			shellPath = /bin/sh;
			shellScript = "diff \"${PODS_PODFILE_DIR_PATH}/Podfile.lock\" \"${PODS_ROOT}/Manifest.lock\" > /dev/null\nif [ $? != 0 ] ; then\n    # print error to STDERR\n    echo \"error: The sandbox is not in sync with the Podfile.lock. Run 'pod install' or update your CocoaPods installation.\" >&2\n    exit 1\nfi\n# This output is used by Xcode 'outputs' to avoid re-running this script phase.\necho \"SUCCESS\" > \"${SCRIPT_OUTPUT_FILE_0}\"\n";
			showEnvVarsInLog = 0;
		};
		8AD8A830E19C42E9B8B9FEE4 /* [CP] Embed Pods Frameworks */ = {
			isa = PBXShellScriptBuildPhase;
			buildActionMask = 2147483647;
			files = (
			);
			inputPaths = (
				"${SRCROOT}/Pods/Target Support Files/Pods-simpleChating/Pods-simpleChating-frameworks.sh",
				"${BUILT_PRODUCTS_DIR}/GTMSessionFetcher/GTMSessionFetcher.framework",
				"${BUILT_PRODUCTS_DIR}/GoogleToolboxForMac/GoogleToolboxForMac.framework",
				"${BUILT_PRODUCTS_DIR}/JSQMessagesViewController/JSQMessagesViewController.framework",
				"${BUILT_PRODUCTS_DIR}/JSQSystemSoundPlayer/JSQSystemSoundPlayer.framework",
				"${BUILT_PRODUCTS_DIR}/leveldb-library/leveldb.framework",
				"${BUILT_PRODUCTS_DIR}/nanopb/nanopb.framework",
			);
			name = "[CP] Embed Pods Frameworks";
			outputPaths = (
				"${TARGET_BUILD_DIR}/${FRAMEWORKS_FOLDER_PATH}/GTMSessionFetcher.framework",
				"${TARGET_BUILD_DIR}/${FRAMEWORKS_FOLDER_PATH}/GoogleToolboxForMac.framework",
				"${TARGET_BUILD_DIR}/${FRAMEWORKS_FOLDER_PATH}/JSQMessagesViewController.framework",
				"${TARGET_BUILD_DIR}/${FRAMEWORKS_FOLDER_PATH}/JSQSystemSoundPlayer.framework",
				"${TARGET_BUILD_DIR}/${FRAMEWORKS_FOLDER_PATH}/leveldb.framework",
				"${TARGET_BUILD_DIR}/${FRAMEWORKS_FOLDER_PATH}/nanopb.framework",
			);
			runOnlyForDeploymentPostprocessing = 0;
			shellPath = /bin/sh;
			shellScript = "\"${SRCROOT}/Pods/Target Support Files/Pods-simpleChating/Pods-simpleChating-frameworks.sh\"\n";
			showEnvVarsInLog = 0;
		};
		A6B96F6768864A1670DEF0FA /* [CP] Copy Pods Resources */ = {
			isa = PBXShellScriptBuildPhase;
			buildActionMask = 2147483647;
			files = (
			);
			inputPaths = (
			);
			name = "[CP] Copy Pods Resources";
			outputPaths = (
			);
			runOnlyForDeploymentPostprocessing = 0;
			shellPath = /bin/sh;
			shellScript = "\"${SRCROOT}/Pods/Target Support Files/Pods-simpleChating/Pods-simpleChating-resources.sh\"\n";
			showEnvVarsInLog = 0;
		};
/* End PBXShellScriptBuildPhase section */

/* Begin PBXSourcesBuildPhase section */
		6A9CBD751F7F31AA001642B0 /* Sources */ = {
			isa = PBXSourcesBuildPhase;
			buildActionMask = 2147483647;
			files = (
				6A9CBD941F7F383C001642B0 /* LoginViewController.swift in Sources */,
				6A9CBD9A1F7F3869001642B0 /* model.swift in Sources */,
				6A9CBD7F1F7F31AE001642B0 /* ViewController.swift in Sources */,
				6A9CBD961F7F3851001642B0 /* ChannelListViewController.swift in Sources */,
				6A9CBD981F7F385D001642B0 /* ChatViewController.swift in Sources */,
				6A9CBD7D1F7F31AE001642B0 /* AppDelegate.swift in Sources */,
			);
			runOnlyForDeploymentPostprocessing = 0;
		};
/* End PBXSourcesBuildPhase section */

/* Begin PBXVariantGroup section */
		6A9CBD801F7F31AE001642B0 /* Main.storyboard */ = {
			isa = PBXVariantGroup;
			children = (
				6A9CBD811F7F31AE001642B0 /* Base */,
			);
			name = Main.storyboard;
			sourceTree = "<group>";
		};
		6A9CBD851F7F31AE001642B0 /* LaunchScreen.storyboard */ = {
			isa = PBXVariantGroup;
			children = (
				6A9CBD861F7F31AE001642B0 /* Base */,
			);
			name = LaunchScreen.storyboard;
			sourceTree = "<group>";
		};
/* End PBXVariantGroup section */

/* Begin XCBuildConfiguration section */
		6A9CBD891F7F31AE001642B0 /* Debug */ = {
			isa = XCBuildConfiguration;
			buildSettings = {
				ALWAYS_SEARCH_USER_PATHS = NO;
				CLANG_ANALYZER_NONNULL = YES;
				CLANG_CXX_LANGUAGE_STANDARD = "gnu++0x";
				CLANG_CXX_LIBRARY = "libc++";
				CLANG_ENABLE_MODULES = YES;
				CLANG_ENABLE_OBJC_ARC = YES;
				CLANG_WARN_BOOL_CONVERSION = YES;
				CLANG_WARN_CONSTANT_CONVERSION = YES;
				CLANG_WARN_DIRECT_OBJC_ISA_USAGE = YES_ERROR;
				CLANG_WARN_DOCUMENTATION_COMMENTS = YES;
				CLANG_WARN_EMPTY_BODY = YES;
				CLANG_WARN_ENUM_CONVERSION = YES;
				CLANG_WARN_INFINITE_RECURSION = YES;
				CLANG_WARN_INT_CONVERSION = YES;
				CLANG_WARN_OBJC_ROOT_CLASS = YES_ERROR;
				CLANG_WARN_SUSPICIOUS_MOVE = YES;
				CLANG_WARN_UNREACHABLE_CODE = YES;
				CLANG_WARN__DUPLICATE_METHOD_MATCH = YES;
				"CODE_SIGN_IDENTITY[sdk=iphoneos*]" = "iPhone Developer";
				COPY_PHASE_STRIP = NO;
				DEBUG_INFORMATION_FORMAT = dwarf;
				ENABLE_STRICT_OBJC_MSGSEND = YES;
				ENABLE_TESTABILITY = YES;
				GCC_C_LANGUAGE_STANDARD = gnu99;
				GCC_DYNAMIC_NO_PIC = NO;
				GCC_NO_COMMON_BLOCKS = YES;
				GCC_OPTIMIZATION_LEVEL = 0;
				GCC_PREPROCESSOR_DEFINITIONS = (
					"DEBUG=1",
					"$(inherited)",
				);
				GCC_WARN_64_TO_32_BIT_CONVERSION = YES;
				GCC_WARN_ABOUT_RETURN_TYPE = YES_ERROR;
				GCC_WARN_UNDECLARED_SELECTOR = YES;
				GCC_WARN_UNINITIALIZED_AUTOS = YES_AGGRESSIVE;
				GCC_WARN_UNUSED_FUNCTION = YES;
				GCC_WARN_UNUSED_VARIABLE = YES;
				IPHONEOS_DEPLOYMENT_TARGET = 10.2;
				MTL_ENABLE_DEBUG_INFO = YES;
				ONLY_ACTIVE_ARCH = YES;
				SDKROOT = iphoneos;
				SWIFT_ACTIVE_COMPILATION_CONDITIONS = DEBUG;
				SWIFT_OPTIMIZATION_LEVEL = "-Onone";
			};
			name = Debug;
		};
		6A9CBD8A1F7F31AE001642B0 /* Release */ = {
			isa = XCBuildConfiguration;
			buildSettings = {
				ALWAYS_SEARCH_USER_PATHS = NO;
				CLANG_ANALYZER_NONNULL = YES;
				CLANG_CXX_LANGUAGE_STANDARD = "gnu++0x";
				CLANG_CXX_LIBRARY = "libc++";
				CLANG_ENABLE_MODULES = YES;
				CLANG_ENABLE_OBJC_ARC = YES;
				CLANG_WARN_BOOL_CONVERSION = YES;
				CLANG_WARN_CONSTANT_CONVERSION = YES;
				CLANG_WARN_DIRECT_OBJC_ISA_USAGE = YES_ERROR;
				CLANG_WARN_DOCUMENTATION_COMMENTS = YES;
				CLANG_WARN_EMPTY_BODY = YES;
				CLANG_WARN_ENUM_CONVERSION = YES;
				CLANG_WARN_INFINITE_RECURSION = YES;
				CLANG_WARN_INT_CONVERSION = YES;
				CLANG_WARN_OBJC_ROOT_CLASS = YES_ERROR;
				CLANG_WARN_SUSPICIOUS_MOVE = YES;
				CLANG_WARN_UNREACHABLE_CODE = YES;
				CLANG_WARN__DUPLICATE_METHOD_MATCH = YES;
				"CODE_SIGN_IDENTITY[sdk=iphoneos*]" = "iPhone Developer";
				COPY_PHASE_STRIP = NO;
				DEBUG_INFORMATION_FORMAT = "dwarf-with-dsym";
				ENABLE_NS_ASSERTIONS = NO;
				ENABLE_STRICT_OBJC_MSGSEND = YES;
				GCC_C_LANGUAGE_STANDARD = gnu99;
				GCC_NO_COMMON_BLOCKS = YES;
				GCC_WARN_64_TO_32_BIT_CONVERSION = YES;
				GCC_WARN_ABOUT_RETURN_TYPE = YES_ERROR;
				GCC_WARN_UNDECLARED_SELECTOR = YES;
				GCC_WARN_UNINITIALIZED_AUTOS = YES_AGGRESSIVE;
				GCC_WARN_UNUSED_FUNCTION = YES;
				GCC_WARN_UNUSED_VARIABLE = YES;
				IPHONEOS_DEPLOYMENT_TARGET = 10.2;
				MTL_ENABLE_DEBUG_INFO = NO;
				SDKROOT = iphoneos;
				SWIFT_OPTIMIZATION_LEVEL = "-Owholemodule";
				VALIDATE_PRODUCT = YES;
			};
			name = Release;
		};
		6A9CBD8C1F7F31AE001642B0 /* Debug */ = {
			isa = XCBuildConfiguration;
			baseConfigurationReference = C08299A6DB44491C1A14DC80 /* Pods-simpleChating.debug.xcconfig */;
			buildSettings = {
				ASSETCATALOG_COMPILER_APPICON_NAME = AppIcon;
				INFOPLIST_FILE = simpleChating/Info.plist;
				LD_RUNPATH_SEARCH_PATHS = "$(inherited) @executable_path/Frameworks";
				PRODUCT_BUNDLE_IDENTIFIER = "com-ios3-umn.simpleChating";
				PRODUCT_NAME = "$(TARGET_NAME)";
				SWIFT_VERSION = 3.0;
			};
			name = Debug;
		};
		6A9CBD8D1F7F31AE001642B0 /* Release */ = {
			isa = XCBuildConfiguration;
			baseConfigurationReference = 12BF4E0C2C4B74D444035FEA /* Pods-simpleChating.release.xcconfig */;
			buildSettings = {
				ASSETCATALOG_COMPILER_APPICON_NAME = AppIcon;
				INFOPLIST_FILE = simpleChating/Info.plist;
				LD_RUNPATH_SEARCH_PATHS = "$(inherited) @executable_path/Frameworks";
				PRODUCT_BUNDLE_IDENTIFIER = "com-ios3-umn.simpleChating";
				PRODUCT_NAME = "$(TARGET_NAME)";
				SWIFT_VERSION = 3.0;
			};
			name = Release;
		};
/* End XCBuildConfiguration section */

/* Begin XCConfigurationList section */
		6A9CBD741F7F31A9001642B0 /* Build configuration list for PBXProject "simpleChating" */ = {
			isa = XCConfigurationList;
			buildConfigurations = (
				6A9CBD891F7F31AE001642B0 /* Debug */,
				6A9CBD8A1F7F31AE001642B0 /* Release */,
			);
			defaultConfigurationIsVisible = 0;
			defaultConfigurationName = Release;
		};
		6A9CBD8B1F7F31AE001642B0 /* Build configuration list for PBXNativeTarget "simpleChating" */ = {
			isa = XCConfigurationList;
			buildConfigurations = (
				6A9CBD8C1F7F31AE001642B0 /* Debug */,
				6A9CBD8D1F7F31AE001642B0 /* Release */,
			);
			defaultConfigurationIsVisible = 0;
			defaultConfigurationName = Release;
		};
/* End XCConfigurationList section */
	};
	rootObject = 6A9CBD711F7F31A9001642B0 /* Project object */;
}
